
Microsoft Visual Studio Solution File, Format Version 12.00
# Visual Studio Version 17
VisualStudioVersion = 17.4.33213.308
MinimumVisualStudioVersion = 10.0.40219.1
Project("{FAE04EC0-301F-11D3-BF4B-00C04F79EFBC}") = "Project_Assessment_Account_System", "Project_Assessment_Account_System.csproj", "{F5B31D51-4849-4E5E-A2CC-B28710A03419}"
EndProject
Global
	GlobalSection(SolutionConfigurationPlatforms) = preSolution
		Debug|Any CPU = Debug|Any CPU
		Release|Any CPU = Release|Any CPU
	EndGlobalSection
	GlobalSection(ProjectConfigurationPlatforms) = postSolution
		{F5B31D51-4849-4E5E-A2CC-B28710A03419}.Debug|Any CPU.ActiveCfg = Debug|Any CPU
		{F5B31D51-4849-4E5E-A2CC-B28710A03419}.Debug|Any CPU.Build.0 = Debug|Any CPU
		{F5B31D51-4849-4E5E-A2CC-B28710A03419}.Release|Any CPU.ActiveCfg = Release|Any CPU
		{F5B31D51-4849-4E5E-A2CC-B28710A03419}.Release|Any CPU.Build.0 = Release|Any CPU
	EndGlobalSection
	GlobalSection(SolutionProperties) = preSolution
		HideSolutionNode = FALSE
	EndGlobalSection
	GlobalSection(ExtensibilityGlobals) = postSolution
		SolutionGuid = {53570993-46D4-42B7-8864-67AB9D6A3F86}
	EndGlobalSection
EndGlobal
